
Microsoft Visual Studio Solution File, Format Version 12.00
Project("{FAE04EC0-301F-11D3-BF4B-00C04F79EFBC}") = "Api", "Api\Api.csproj", "{EFDFCDD2-48A5-462B-ABD5-05831D6140DD}"
EndProject
Project("{FAE04EC0-301F-11D3-BF4B-00C04F79EFBC}") = "Infra", "Infra\Infra.csproj", "{FDDC19B3-F591-46BF-9CD4-91B041842079}"
EndProject
Project("{FAE04EC0-301F-11D3-BF4B-00C04F79EFBC}") = "Domain", "Domain\Domain.csproj", "{291AD55B-3CB3-49CF-9234-C9901FBAEE37}"
EndProject
Project("{FAE04EC0-301F-11D3-BF4B-00C04F79EFBC}") = "Application", "Application\Application.csproj", "{D842252D-3AE8-46C3-95B5-CE64C9FDB51A}"
EndProject
Project("{FAE04EC0-301F-11D3-BF4B-00C04F79EFBC}") = "Persistence", "Persistence\Persistence.csproj", "{96B25BD7-BC05-4E5E-9DEF-F0F63791441E}"
EndProject
Project("{2150E333-8FDC-42A3-9474-1A3956D46DE8}") = "Solution Items", "Solution Items", "{9D6E4635-C714-4415-A620-92F2C241EBE6}"
	ProjectSection(SolutionItems) = preProject
		compose.yaml = compose.yaml
	EndProjectSection
EndProject
Global
	GlobalSection(SolutionConfigurationPlatforms) = preSolution
		Debug|Any CPU = Debug|Any CPU
		Release|Any CPU = Release|Any CPU
	EndGlobalSection
	GlobalSection(ProjectConfigurationPlatforms) = postSolution
		{EFDFCDD2-48A5-462B-ABD5-05831D6140DD}.Debug|Any CPU.ActiveCfg = Debug|Any CPU
		{EFDFCDD2-48A5-462B-ABD5-05831D6140DD}.Debug|Any CPU.Build.0 = Debug|Any CPU
		{EFDFCDD2-48A5-462B-ABD5-05831D6140DD}.Release|Any CPU.ActiveCfg = Release|Any CPU
		{EFDFCDD2-48A5-462B-ABD5-05831D6140DD}.Release|Any CPU.Build.0 = Release|Any CPU
		{FDDC19B3-F591-46BF-9CD4-91B041842079}.Debug|Any CPU.ActiveCfg = Debug|Any CPU
		{FDDC19B3-F591-46BF-9CD4-91B041842079}.Debug|Any CPU.Build.0 = Debug|Any CPU
		{FDDC19B3-F591-46BF-9CD4-91B041842079}.Release|Any CPU.ActiveCfg = Release|Any CPU
		{FDDC19B3-F591-46BF-9CD4-91B041842079}.Release|Any CPU.Build.0 = Release|Any CPU
		{291AD55B-3CB3-49CF-9234-C9901FBAEE37}.Debug|Any CPU.ActiveCfg = Debug|Any CPU
		{291AD55B-3CB3-49CF-9234-C9901FBAEE37}.Debug|Any CPU.Build.0 = Debug|Any CPU
		{291AD55B-3CB3-49CF-9234-C9901FBAEE37}.Release|Any CPU.ActiveCfg = Release|Any CPU
		{291AD55B-3CB3-49CF-9234-C9901FBAEE37}.Release|Any CPU.Build.0 = Release|Any CPU
		{D842252D-3AE8-46C3-95B5-CE64C9FDB51A}.Debug|Any CPU.ActiveCfg = Debug|Any CPU
		{D842252D-3AE8-46C3-95B5-CE64C9FDB51A}.Debug|Any CPU.Build.0 = Debug|Any CPU
		{D842252D-3AE8-46C3-95B5-CE64C9FDB51A}.Release|Any CPU.ActiveCfg = Release|Any CPU
		{D842252D-3AE8-46C3-95B5-CE64C9FDB51A}.Release|Any CPU.Build.0 = Release|Any CPU
		{96B25BD7-BC05-4E5E-9DEF-F0F63791441E}.Debug|Any CPU.ActiveCfg = Debug|Any CPU
		{96B25BD7-BC05-4E5E-9DEF-F0F63791441E}.Debug|Any CPU.Build.0 = Debug|Any CPU
		{96B25BD7-BC05-4E5E-9DEF-F0F63791441E}.Release|Any CPU.ActiveCfg = Release|Any CPU
		{96B25BD7-BC05-4E5E-9DEF-F0F63791441E}.Release|Any CPU.Build.0 = Release|Any CPU
	EndGlobalSection
EndGlobal
